
Microsoft Visual Studio Solution File, Format Version 12.00
# Visual Studio Version 17
VisualStudioVersion = 17.1.32328.378
MinimumVisualStudioVersion = 10.0.40219.1
Project("{FAE04EC0-301F-11D3-BF4B-00C04F79EFBC}") = "WebApplicationTest", "WebApplicationTest\WebApplicationTest.csproj", "{3BA83AD8-539C-4B8A-BF30-A1A4F07E7EA7}"
EndProject
Project("{9A19103F-16F7-4668-BE54-9A1E7A4F7556}") = "WebApplicationTestHandler", "WebApplicationTestHandler\WebApplicationTestHandler.csproj", "{42D38B39-EEC4-4FD6-8D32-B7ACDD9BCD94}"
EndProject
Global
	GlobalSection(SolutionConfigurationPlatforms) = preSolution
		Debug|Any CPU = Debug|Any CPU
		Release|Any CPU = Release|Any CPU
	EndGlobalSection
	GlobalSection(ProjectConfigurationPlatforms) = postSolution
		{3BA83AD8-539C-4B8A-BF30-A1A4F07E7EA7}.Debug|Any CPU.ActiveCfg = Debug|Any CPU
		{3BA83AD8-539C-4B8A-BF30-A1A4F07E7EA7}.Debug|Any CPU.Build.0 = Debug|Any CPU
		{3BA83AD8-539C-4B8A-BF30-A1A4F07E7EA7}.Release|Any CPU.ActiveCfg = Release|Any CPU
		{3BA83AD8-539C-4B8A-BF30-A1A4F07E7EA7}.Release|Any CPU.Build.0 = Release|Any CPU
		{42D38B39-EEC4-4FD6-8D32-B7ACDD9BCD94}.Debug|Any CPU.ActiveCfg = Debug|Any CPU
		{42D38B39-EEC4-4FD6-8D32-B7ACDD9BCD94}.Debug|Any CPU.Build.0 = Debug|Any CPU
		{42D38B39-EEC4-4FD6-8D32-B7ACDD9BCD94}.Release|Any CPU.ActiveCfg = Release|Any CPU
		{42D38B39-EEC4-4FD6-8D32-B7ACDD9BCD94}.Release|Any CPU.Build.0 = Release|Any CPU
	EndGlobalSection
	GlobalSection(SolutionProperties) = preSolution
		HideSolutionNode = FALSE
	EndGlobalSection
	GlobalSection(ExtensibilityGlobals) = postSolution
		SolutionGuid = {53DF4ECA-1759-43CB-918D-066F4D5A327E}
	EndGlobalSection
EndGlobal
